
Microsoft Visual Studio Solution File, Format Version 12.00
# Visual Studio Version 17
VisualStudioVersion = 17.0.31903.59
MinimumVisualStudioVersion = 10.0.40219.1
Project("{FAE04EC0-301F-11D3-BF4B-00C04F79EFBC}") = "AZ2003App", "AZ2003App\AZ2003App.csproj", "{6DC78AB4-928D-4F06-822D-68D0B1944967}"
EndProject
Global
	GlobalSection(SolutionConfigurationPlatforms) = preSolution
		Debug|Any CPU = Debug|Any CPU
		Release|Any CPU = Release|Any CPU
	EndGlobalSection
	GlobalSection(SolutionProperties) = preSolution
		HideSolutionNode = FALSE
	EndGlobalSection
	GlobalSection(ProjectConfigurationPlatforms) = postSolution
		{6DC78AB4-928D-4F06-822D-68D0B1944967}.Debug|Any CPU.ActiveCfg = Debug|Any CPU
		{6DC78AB4-928D-4F06-822D-68D0B1944967}.Debug|Any CPU.Build.0 = Debug|Any CPU
		{6DC78AB4-928D-4F06-822D-68D0B1944967}.Release|Any CPU.ActiveCfg = Release|Any CPU
		{6DC78AB4-928D-4F06-822D-68D0B1944967}.Release|Any CPU.Build.0 = Release|Any CPU
	EndGlobalSection
EndGlobal
